Microsoft Visual Studio Solution File, Format Version 12.00
# Visual Studio Version 17
VisualStudioVersion = 17.5.2.0
MinimumVisualStudioVersion = 10.0.40219.1
Project("{FAE04EC0-301F-11D3-BF4B-00C04F79EFBC}") = "4.2P Linked List", "4.2P Linked List.csproj", "{4D72D73A-E217-E028-3686-2FAF79E23E54}"
EndProject
Global
	GlobalSection(SolutionConfigurationPlatforms) = preSolution
		Debug|Any CPU = Debug|Any CPU
		Release|Any CPU = Release|Any CPU
	EndGlobalSection
	GlobalSection(ProjectConfigurationPlatforms) = postSolution
		{4D72D73A-E217-E028-3686-2FAF79E23E54}.Debug|Any CPU.ActiveCfg = Debug|Any CPU
		{4D72D73A-E217-E028-3686-2FAF79E23E54}.Debug|Any CPU.Build.0 = Debug|Any CPU
		{4D72D73A-E217-E028-3686-2FAF79E23E54}.Release|Any CPU.ActiveCfg = Release|Any CPU
		{4D72D73A-E217-E028-3686-2FAF79E23E54}.Release|Any CPU.Build.0 = Release|Any CPU
	EndGlobalSection
	GlobalSection(SolutionProperties) = preSolution
		HideSolutionNode = FALSE
	EndGlobalSection
	GlobalSection(ExtensibilityGlobals) = postSolution
		SolutionGuid = {BBDB32CB-EF11-48D6-8A06-E413309AB868}
	EndGlobalSection
EndGlobal
